{
  "name": "terrain-generator",
  "version": "1.0.0",
  "lockfileVersion": 1,
  "requires": true,
  "dependencies": {
    "array-flatten": {
      "version": "1.1.1",
      "resolved": "https://registry.npmjs.org/array-flatten/-/array-flatten-1.1.1.tgz",
      "integrity": "sha1-ml9pkFGx5wczKPKgCJaLZOopVdI="
    },
    "component-emitter": {
      "version": "1.2.0",
      "resolved": "https://registry.npmjs.org/component-emitter/-/component-emitter-1.2.0.tgz",
      "integrity": "sha1-zNETqGOI0GSC0D3j/H35hSa6jv4="
    },
    "component-raf": {
      "version": "1.2.0",
      "resolved": "https://registry.npmjs.org/component-raf/-/component-raf-1.2.0.tgz",
      "integrity": "sha1-srxy1D8bAU/eeks8RHx2S8c8y6o="
    },
    "component-type": {
      "version": "1.2.0",
      "resolved": "https://registry.npmjs.org/component-type/-/component-type-1.2.0.tgz",
      "integrity": "sha1-4nn8lmrjSIykRIAQMxNWnP+/TEg="
    },
    "deku": {
      "version": "1.0.0",
      "resolved": "https://registry.npmjs.org/deku/-/deku-1.0.0.tgz",
      "integrity": "sha1-IJnlBr861loJ6+7YJt5qw1cUSSE=",
      "requires": {
        "component-emitter": "1.2.0",
        "component-raf": "1.2.0",
        "component-type": "1.2.0",
        "fast.js": "0.1.1",
        "get-uid": "1.0.1",
        "is-dom": "1.0.5",
        "is-svg-attribute": "1.0.2",
        "is-svg-element": "1.0.1",
        "object-defaults": "0.1.0",
        "object-path": "0.9.2"
      }
    },
    "ds-heightmap": {
      "version": "0.2.3",
      "resolved": "https://registry.npmjs.org/ds-heightmap/-/ds-heightmap-0.2.3.tgz",
      "integrity": "sha512-c0MQiQsND9HAhLDjwBllXi8UJ16buSamaWYDniqcjBfsaJBo1rOaUnZy+cALIxL9LVatdo6ShEanBtOE/SO5uA=="
    },
    "escape-html": {
      "version": "1.0.3",
      "resolved": "https://registry.npmjs.org/escape-html/-/escape-html-1.0.3.tgz",
      "integrity": "sha1-Aljq5NPQwJdN4cFpGI7wBR0dGYg="
    },
    "fast.js": {
      "version": "0.1.1",
      "resolved": "https://registry.npmjs.org/fast.js/-/fast.js-0.1.1.tgz",
      "integrity": "sha1-fAJNVa4USIL7zuRLeQBf4tyr2f4="
    },
    "game": {
      "version": "file:../game",
      "requires": {
        "matter-js": "^0.14.2",
        "three": "^0.115.0"
      },
      "dependencies": {
        "matter-js": {
          "version": "0.14.2",
          "resolved": "https://registry.npmjs.org/matter-js/-/matter-js-0.14.2.tgz",
          "integrity": "sha512-3ttVT8cJlQnGRjBa8MyVrGyvGmnmOkZ3YsyemIw+KwEEdVi70mo32FH1Eta2b3GfdDJFbMDRqyMQt4heNKBUEA=="
        },
        "three": {
          "version": "0.115.0",
          "resolved": "https://registry.npmjs.org/three/-/three-0.115.0.tgz",
          "integrity": "sha512-mAV2Ky3RdcbdSbR9capI+tKLvRldWYxd4151PZTT/o7+U2jh9Is3a4KmnYwzyUAhB2ZA3pXSgCd2DOY4Tj5kow=="
        }
      }
    },
    "get-uid": {
      "version": "1.0.1",
      "resolved": "https://registry.npmjs.org/get-uid/-/get-uid-1.0.1.tgz",
      "integrity": "sha1-rG1WlVUMtr43HVp5sNloEV90aiI="
    },
    "heightmap-generator": {
      "version": "1.0.5",
      "resolved": "https://registry.npmjs.org/heightmap-generator/-/heightmap-generator-1.0.5.tgz",
      "integrity": "sha1-wichgo8g7sX3oZc94CfUAadjDZM="
    },
    "highlight-bash": {
      "version": "0.0.1",
      "resolved": "https://registry.npmjs.org/highlight-bash/-/highlight-bash-0.0.1.tgz",
      "integrity": "sha1-SENYFqAqb1ZNyZeJkV49IBkDwSg="
    },
    "highlight-csharp": {
      "version": "0.0.1",
      "resolved": "https://registry.npmjs.org/highlight-csharp/-/highlight-csharp-0.0.1.tgz",
      "integrity": "sha1-n4ePdB9g31yk6A05Rnf7iDiLDTw="
    },
    "highlight-css": {
      "version": "0.0.2",
      "resolved": "https://registry.npmjs.org/highlight-css/-/highlight-css-0.0.2.tgz",
      "integrity": "sha1-7LSm95/1DsRAV0ZUkstxst+/OwU="
    },
    "highlight-go": {
      "version": "0.0.1",
      "resolved": "https://registry.npmjs.org/highlight-go/-/highlight-go-0.0.1.tgz",
      "integrity": "sha1-sROj7zcgq5czGmIOguxOBUlbWRw="
    },
    "highlight-java": {
      "version": "0.0.1",
      "resolved": "https://registry.npmjs.org/highlight-java/-/highlight-java-0.0.1.tgz",
      "integrity": "sha1-/FnQckXjS3sVvBEZBHpUZjQkmbs="
    },
    "highlight-javascript": {
      "version": "0.0.3",
      "resolved": "https://registry.npmjs.org/highlight-javascript/-/highlight-javascript-0.0.3.tgz",
      "integrity": "sha1-JTUJVsXAtquBftJpOO/A+fk9288="
    },
    "highlight-objective-c": {
      "version": "0.0.1",
      "resolved": "https://registry.npmjs.org/highlight-objective-c/-/highlight-objective-c-0.0.1.tgz",
      "integrity": "sha1-KQtYoC0GGBNGz7QWB40R3cbHsmI="
    },
    "highlight-php": {
      "version": "0.0.1",
      "resolved": "https://registry.npmjs.org/highlight-php/-/highlight-php-0.0.1.tgz",
      "integrity": "sha1-Ri7twFqCo4BtZC/cJO9fihMJyqg="
    },
    "highlight-python": {
      "version": "0.0.3",
      "resolved": "https://registry.npmjs.org/highlight-python/-/highlight-python-0.0.3.tgz",
      "integrity": "sha1-+JXnUl8PEartX/VGuvvf9NN02B4="
    },
    "highlight-ruby": {
      "version": "0.0.1",
      "resolved": "https://registry.npmjs.org/highlight-ruby/-/highlight-ruby-0.0.1.tgz",
      "integrity": "sha1-Nx0UgVQ0kEnTEjycsvQgFKh9fow="
    },
    "highlight-xml": {
      "version": "0.0.1",
      "resolved": "https://registry.npmjs.org/highlight-xml/-/highlight-xml-0.0.1.tgz",
      "integrity": "sha1-EayFgPX0/puyr5yzorp1lQTBdC0="
    },
    "highlight-yaml": {
      "version": "0.0.1",
      "resolved": "https://registry.npmjs.org/highlight-yaml/-/highlight-yaml-0.0.1.tgz",
      "integrity": "sha1-QY9cvmDVvp8NIxIRHfr6Glhe7IU="
    },
    "is-dom": {
      "version": "1.0.5",
      "resolved": "https://registry.npmjs.org/is-dom/-/is-dom-1.0.5.tgz",
      "integrity": "sha1-O0+eqnpgFMAQsnbGRcrYW7PHsf0="
    },
    "is-svg-attribute": {
      "version": "1.0.2",
      "resolved": "https://registry.npmjs.org/is-svg-attribute/-/is-svg-attribute-1.0.2.tgz",
      "integrity": "sha1-q6rncMxCyL0sFrcCZSiBzH+barA="
    },
    "is-svg-element": {
      "version": "1.0.1",
      "resolved": "https://registry.npmjs.org/is-svg-element/-/is-svg-element-1.0.1.tgz",
      "integrity": "sha1-p1nxAzFWux4Yxg0PF5oBPSXKkpY="
    },
    "matter-js": {
      "version": "0.14.2",
      "resolved": "https://registry.npmjs.org/matter-js/-/matter-js-0.14.2.tgz",
      "integrity": "sha512-3ttVT8cJlQnGRjBa8MyVrGyvGmnmOkZ3YsyemIw+KwEEdVi70mo32FH1Eta2b3GfdDJFbMDRqyMQt4heNKBUEA=="
    },
    "matterjs": {
      "version": "0.1.3",
      "resolved": "https://registry.npmjs.org/matterjs/-/matterjs-0.1.3.tgz",
      "integrity": "sha1-0DMWP8+GQLzU1FG+rxrBPZ9IN88=",
      "requires": {
        "deku": "^1.0.0",
        "highlight-bash": "0.0.1",
        "highlight-csharp": "0.0.1",
        "highlight-css": "0.0.2",
        "highlight-go": "0.0.1",
        "highlight-java": "0.0.1",
        "highlight-javascript": "0.0.3",
        "highlight-objective-c": "0.0.1",
        "highlight-php": "0.0.1",
        "highlight-python": "0.0.3",
        "highlight-ruby": "0.0.1",
        "highlight-xml": "0.0.1",
        "highlight-yaml": "0.0.1",
        "syntax-highlighter": "0.0.3",
        "virtual-element": "^1.2.0"
      }
    },
    "object-defaults": {
      "version": "0.1.0",
      "resolved": "https://registry.npmjs.org/object-defaults/-/object-defaults-0.1.0.tgz",
      "integrity": "sha1-+1wUDuViWn2oquqGCBPJPs8b9oQ="
    },
    "object-path": {
      "version": "0.9.2",
      "resolved": "https://registry.npmjs.org/object-path/-/object-path-0.9.2.tgz",
      "integrity": "sha1-D9mnT8X60a45aLWGvaXGMr1sBaU="
    },
    "sliced": {
      "version": "0.0.5",
      "resolved": "https://registry.npmjs.org/sliced/-/sliced-0.0.5.tgz",
      "integrity": "sha1-XtwETKTrb3gW1Qui/GPiXY/kcH8="
    },
    "syntax-highlighter": {
      "version": "0.0.3",
      "resolved": "https://registry.npmjs.org/syntax-highlighter/-/syntax-highlighter-0.0.3.tgz",
      "integrity": "sha1-wzatFs1GC0pBM2E+hQqDvcdvSMg=",
      "requires": {
        "escape-html": "^1.0.3"
      }
    },
    "virtual-element": {
      "version": "1.2.0",
      "resolved": "https://registry.npmjs.org/virtual-element/-/virtual-element-1.2.0.tgz",
      "integrity": "sha1-ol5bBEVAvpdKQuFYkkJ3xf8y4sI=",
      "requires": {
        "array-flatten": "^1.1.1",
        "sliced": "0.0.5"
      }
    }
  }
}
